// !$*UTF8*$!
{
	archiveVersion = 1;
	classes = {
	};
	objectVersion = 50;
	objects = {

/* Begin PBXBuildFile section */
		B577F186268DF662004FDBCF /* AppDelegate.swift in Sources */ = {isa = PBXBuildFile; fileRef = B577F185268DF662004FDBCF /* AppDelegate.swift */; };
		B577F188268DF662004FDBCF /* SceneDelegate.swift in Sources */ = {isa = PBXBuildFile; fileRef = B577F187268DF662004FDBCF /* SceneDelegate.swift */; };
		B577F18A268DF662004FDBCF /* ViewController.swift in Sources */ = {isa = PBXBuildFile; fileRef = B577F189268DF662004FDBCF /* ViewController.swift */; };
		B577F18D268DF662004FDBCF /* Main.storyboard in Resources */ = {isa = PBXBuildFile; fileRef = B577F18B268DF662004FDBCF /* Main.storyboard */; };
		B577F18F268DF663004FDBCF /* Assets.xcassets in Resources */ = {isa = PBXBuildFile; fileRef = B577F18E268DF663004FDBCF /* Assets.xcassets */; };
		B577F192268DF663004FDBCF /* LaunchScreen.storyboard in Resources */ = {isa = PBXBuildFile; fileRef = B577F190268DF663004FDBCF /* LaunchScreen.storyboard */; };
		B577F1A4268DF766004FDBCF /* 1.jpg in Resources */ = {isa = PBXBuildFile; fileRef = B577F19A268DF766004FDBCF /* 1.jpg */; };
		B577F1A5268DF766004FDBCF /* 2.jpg in Resources */ = {isa = PBXBuildFile; fileRef = B577F19B268DF766004FDBCF /* 2.jpg */; };
		B577F1A6268DF766004FDBCF /* 9.jpg in Resources */ = {isa = PBXBuildFile; fileRef = B577F19C268DF766004FDBCF /* 9.jpg */; };
		B577F1A7268DF766004FDBCF /* 5.jpg in Resources */ = {isa = PBXBuildFile; fileRef = B577F19D268DF766004FDBCF /* 5.jpg */; };
		B577F1A8268DF766004FDBCF /* 7.jpg in Resources */ = {isa = PBXBuildFile; fileRef = B577F19E268DF766004FDBCF /* 7.jpg */; };
		B577F1A9268DF766004FDBCF /* 10.jpg in Resources */ = {isa = PBXBuildFile; fileRef = B577F19F268DF766004FDBCF /* 10.jpg */; };
		B577F1AA268DF766004FDBCF /* 8.jpg in Resources */ = {isa = PBXBuildFile; fileRef = B577F1A0268DF766004FDBCF /* 8.jpg */; };
		B577F1AB268DF766004FDBCF /* 6.jpg in Resources */ = {isa = PBXBuildFile; fileRef = B577F1A1268DF766004FDBCF /* 6.jpg */; };
		B577F1AC268DF766004FDBCF /* 3.jpg in Resources */ = {isa = PBXBuildFile; fileRef = B577F1A2268DF766004FDBCF /* 3.jpg */; };
		B577F1AD268DF766004FDBCF /* 4.jpg in Resources */ = {isa = PBXBuildFile; fileRef = B577F1A3268DF766004FDBCF /* 4.jpg */; };
/* End PBXBuildFile section */

/* Begin PBXFileReference section */
		B577F182268DF662004FDBCF /* PickerView.app */ = {isa = PBXFileReference; explicitFileType = wrapper.application; includeInIndex = 0; path = PickerView.app; sourceTree = BUILT_PRODUCTS_DIR; };
		B577F185268DF662004FDBCF /* AppDelegate.swift */ = {isa = PBXFileReference; lastKnownFileType = sourcecode.swift; path = AppDelegate.swift; sourceTree = "<group>"; };
		B577F187268DF662004FDBCF /* SceneDelegate.swift */ = {isa = PBXFileReference; lastKnownFileType = sourcecode.swift; path = SceneDelegate.swift; sourceTree = "<group>"; };
		B577F189268DF662004FDBCF /* ViewController.swift */ = {isa = PBXFileReference; lastKnownFileType = sourcecode.swift; path = ViewController.swift; sourceTree = "<group>"; };
		B577F18C268DF662004FDBCF /* Base */ = {isa = PBXFileReference; lastKnownFileType = file.storyboard; name = Base; path = Base.lproj/Main.storyboard; sourceTree = "<group>"; };
		B577F18E268DF663004FDBCF /* Assets.xcassets */ = {isa = PBXFileReference; lastKnownFileType = folder.assetcatalog; path = Assets.xcassets; sourceTree = "<group>"; };
		B577F191268DF663004FDBCF /* Base */ = {isa = PBXFileReference; lastKnownFileType = file.storyboard; name = Base; path = Base.lproj/LaunchScreen.storyboard; sourceTree = "<group>"; };
		B577F193268DF663004FDBCF /* Info.plist */ = {isa = PBXFileReference; lastKnownFileType = text.plist.xml; path = Info.plist; sourceTree = "<group>"; };
		B577F19A268DF766004FDBCF /* 1.jpg */ = {isa = PBXFileReference; lastKnownFileType = image.jpeg; path = 1.jpg; sourceTree = "<group>"; };
		B577F19B268DF766004FDBCF /* 2.jpg */ = {isa = PBXFileReference; lastKnownFileType = image.jpeg; path = 2.jpg; sourceTree = "<group>"; };
		B577F19C268DF766004FDBCF /* 9.jpg */ = {isa = PBXFileReference; lastKnownFileType = image.jpeg; path = 9.jpg; sourceTree = "<group>"; };
		B577F19D268DF766004FDBCF /* 5.jpg */ = {isa = PBXFileReference; lastKnownFileType = image.jpeg; path = 5.jpg; sourceTree = "<group>"; };
		B577F19E268DF766004FDBCF /* 7.jpg */ = {isa = PBXFileReference; lastKnownFileType = image.jpeg; path = 7.jpg; sourceTree = "<group>"; };
		B577F19F268DF766004FDBCF /* 10.jpg */ = {isa = PBXFileReference; lastKnownFileType = image.jpeg; path = 10.jpg; sourceTree = "<group>"; };
		B577F1A0268DF766004FDBCF /* 8.jpg */ = {isa = PBXFileReference; lastKnownFileType = image.jpeg; path = 8.jpg; sourceTree = "<group>"; };
		B577F1A1268DF766004FDBCF /* 6.jpg */ = {isa = PBXFileReference; lastKnownFileType = image.jpeg; path = 6.jpg; sourceTree = "<group>"; };
		B577F1A2268DF766004FDBCF /* 3.jpg */ = {isa = PBXFileReference; lastKnownFileType = image.jpeg; path = 3.jpg; sourceTree = "<group>"; };
		B577F1A3268DF766004FDBCF /* 4.jpg */ = {isa = PBXFileReference; lastKnownFileType = image.jpeg; path = 4.jpg; sourceTree = "<group>"; };
/* End PBXFileReference section */

/* Begin PBXFrameworksBuildPhase section */
		B577F17F268DF662004FDBCF /* Frameworks */ = {
			isa = PBXFrameworksBuildPhase;
			buildActionMask = 2147483647;
			files = (
			);
			runOnlyForDeploymentPostprocessing = 0;
		};
/* End PBXFrameworksBuildPhase section */

/* Begin PBXGroup section */
		B577F179268DF662004FDBCF = {
			isa = PBXGroup;
			children = (
				B577F184268DF662004FDBCF /* PickerView */,
				B577F183268DF662004FDBCF /* Products */,
			);
			sourceTree = "<group>";
		};
		B577F183268DF662004FDBCF /* Products */ = {
			isa = PBXGroup;
			children = (
				B577F182268DF662004FDBCF /* PickerView.app */,
			);
			name = Products;
			sourceTree = "<group>";
		};
		B577F184268DF662004FDBCF /* PickerView */ = {
			isa = PBXGroup;
			children = (
				B577F199268DF724004FDBCF /* images */,
				B577F185268DF662004FDBCF /* AppDelegate.swift */,
				B577F187268DF662004FDBCF /* SceneDelegate.swift */,
				B577F189268DF662004FDBCF /* ViewController.swift */,
				B577F18B268DF662004FDBCF /* Main.storyboard */,
				B577F18E268DF663004FDBCF /* Assets.xcassets */,
				B577F190268DF663004FDBCF /* LaunchScreen.storyboard */,
				B577F193268DF663004FDBCF /* Info.plist */,
			);
			path = PickerView;
			sourceTree = "<group>";
		};
		B577F199268DF724004FDBCF /* images */ = {
			isa = PBXGroup;
			children = (
				B577F19A268DF766004FDBCF /* 1.jpg */,
				B577F19B268DF766004FDBCF /* 2.jpg */,
				B577F1A2268DF766004FDBCF /* 3.jpg */,
				B577F1A3268DF766004FDBCF /* 4.jpg */,
				B577F19D268DF766004FDBCF /* 5.jpg */,
				B577F1A1268DF766004FDBCF /* 6.jpg */,
				B577F19E268DF766004FDBCF /* 7.jpg */,
				B577F1A0268DF766004FDBCF /* 8.jpg */,
				B577F19C268DF766004FDBCF /* 9.jpg */,
				B577F19F268DF766004FDBCF /* 10.jpg */,
			);
			path = images;
			sourceTree = "<group>";
		};
/* End PBXGroup section */

/* Begin PBXNativeTarget section */
		B577F181268DF662004FDBCF /* PickerView */ = {
			isa = PBXNativeTarget;
			buildConfigurationList = B577F196268DF663004FDBCF /* Build configuration list for PBXNativeTarget "PickerView" */;
			buildPhases = (
				B577F17E268DF662004FDBCF /* Sources */,
				B577F17F268DF662004FDBCF /* Frameworks */,
				B577F180268DF662004FDBCF /* Resources */,
			);
			buildRules = (
			);
			dependencies = (
			);
			name = PickerView;
			productName = PickerView;
			productReference = B577F182268DF662004FDBCF /* PickerView.app */;
			productType = "com.apple.product-type.application";
		};
/* End PBXNativeTarget section */

/* Begin PBXProject section */
		B577F17A268DF662004FDBCF /* Project object */ = {
			isa = PBXProject;
			attributes = {
				LastSwiftUpdateCheck = 1250;
				LastUpgradeCheck = 1250;
				TargetAttributes = {
					B577F181268DF662004FDBCF = {
						CreatedOnToolsVersion = 12.5.1;
					};
				};
			};
			buildConfigurationList = B577F17D268DF662004FDBCF /* Build configuration list for PBXProject "PickerView" */;
			compatibilityVersion = "Xcode 9.3";
			developmentRegion = en;
			hasScannedForEncodings = 0;
			knownRegions = (
				en,
				Base,
			);
			mainGroup = B577F179268DF662004FDBCF;
			productRefGroup = B577F183268DF662004FDBCF /* Products */;
			projectDirPath = "";
			projectRoot = "";
			targets = (
				B577F181268DF662004FDBCF /* PickerView */,
			);
		};
/* End PBXProject section */

/* Begin PBXResourcesBuildPhase section */
		B577F180268DF662004FDBCF /* Resources */ = {
			isa = PBXResourcesBuildPhase;
			buildActionMask = 2147483647;
			files = (
				B577F1AB268DF766004FDBCF /* 6.jpg in Resources */,
				B577F1AA268DF766004FDBCF /* 8.jpg in Resources */,
				B577F192268DF663004FDBCF /* LaunchScreen.storyboard in Resources */,
				B577F1AC268DF766004FDBCF /* 3.jpg in Resources */,
				B577F1A4268DF766004FDBCF /* 1.jpg in Resources */,
				B577F1A5268DF766004FDBCF /* 2.jpg in Resources */,
				B577F1A8268DF766004FDBCF /* 7.jpg in Resources */,
				B577F1A9268DF766004FDBCF /* 10.jpg in Resources */,
				B577F1A6268DF766004FDBCF /* 9.jpg in Resources */,
				B577F1A7268DF766004FDBCF /* 5.jpg in Resources */,
				B577F18F268DF663004FDBCF /* Assets.xcassets in Resources */,
				B577F18D268DF662004FDBCF /* Main.storyboard in Resources */,
				B577F1AD268DF766004FDBCF /* 4.jpg in Resources */,
			);
			runOnlyForDeploymentPostprocessing = 0;
		};
/* End PBXResourcesBuildPhase section */

/* Begin PBXSourcesBuildPhase section */
		B577F17E268DF662004FDBCF /* Sources */ = {
			isa = PBXSourcesBuildPhase;
			buildActionMask = 2147483647;
			files = (
				B577F18A268DF662004FDBCF /* ViewController.swift in Sources */,
				B577F186268DF662004FDBCF /* AppDelegate.swift in Sources */,
				B577F188268DF662004FDBCF /* SceneDelegate.swift in Sources */,
			);
			runOnlyForDeploymentPostprocessing = 0;
		};
/* End PBXSourcesBuildPhase section */

/* Begin PBXVariantGroup section */
		B577F18B268DF662004FDBCF /* Main.storyboard */ = {
			isa = PBXVariantGroup;
			children = (
				B577F18C268DF662004FDBCF /* Base */,
			);
			name = Main.storyboard;
			sourceTree = "<group>";
		};
		B577F190268DF663004FDBCF /* LaunchScreen.storyboard */ = {
			isa = PBXVariantGroup;
			children = (
				B577F191268DF663004FDBCF /* Base */,
			);
			name = LaunchScreen.storyboard;
			sourceTree = "<group>";
		};
/* End PBXVariantGroup section */

/* Begin XCBuildConfiguration section */
		B577F194268DF663004FDBCF /* Debug */ = {
			isa = XCBuildConfiguration;
			buildSettings = {
				ALWAYS_SEARCH_USER_PATHS = NO;
				CLANG_ANALYZER_NONNULL = YES;
				CLANG_ANALYZER_NUMBER_OBJECT_CONVERSION = YES_AGGRESSIVE;
				CLANG_CXX_LANGUAGE_STANDARD = "gnu++14";
				CLANG_CXX_LIBRARY = "libc++";
				CLANG_ENABLE_MODULES = YES;
				CLANG_ENABLE_OBJC_ARC = YES;
				CLANG_ENABLE_OBJC_WEAK = YES;
				CLANG_WARN_BLOCK_CAPTURE_AUTORELEASING = YES;
				CLANG_WARN_BOOL_CONVERSION = YES;
				CLANG_WARN_COMMA = YES;
				CLANG_WARN_CONSTANT_CONVERSION = YES;
				CLANG_WARN_DEPRECATED_OBJC_IMPLEMENTATIONS = YES;
				CLANG_WARN_DIRECT_OBJC_ISA_USAGE = YES_ERROR;
				CLANG_WARN_DOCUMENTATION_COMMENTS = YES;
				CLANG_WARN_EMPTY_BODY = YES;
				CLANG_WARN_ENUM_CONVERSION = YES;
				CLANG_WARN_INFINITE_RECURSION = YES;
				CLANG_WARN_INT_CONVERSION = YES;
				CLANG_WARN_NON_LITERAL_NULL_CONVERSION = YES;
				CLANG_WARN_OBJC_IMPLICIT_RETAIN_SELF = YES;
				CLANG_WARN_OBJC_LITERAL_CONVERSION = YES;
				CLANG_WARN_OBJC_ROOT_CLASS = YES_ERROR;
				CLANG_WARN_QUOTED_INCLUDE_IN_FRAMEWORK_HEADER = YES;
				CLANG_WARN_RANGE_LOOP_ANALYSIS = YES;
				CLANG_WARN_STRICT_PROTOTYPES = YES;
				CLANG_WARN_SUSPICIOUS_MOVE = YES;
				CLANG_WARN_UNGUARDED_AVAILABILITY = YES_AGGRESSIVE;
				CLANG_WARN_UNREACHABLE_CODE = YES;
				CLANG_WARN__DUPLICATE_METHOD_MATCH = YES;
				COPY_PHASE_STRIP = NO;
				DEBUG_INFORMATION_FORMAT = dwarf;
				ENABLE_STRICT_OBJC_MSGSEND = YES;
				ENABLE_TESTABILITY = YES;
				GCC_C_LANGUAGE_STANDARD = gnu11;
				GCC_DYNAMIC_NO_PIC = NO;
				GCC_NO_COMMON_BLOCKS = YES;
				GCC_OPTIMIZATION_LEVEL = 0;
				GCC_PREPROCESSOR_DEFINITIONS = (
					"DEBUG=1",
					"$(inherited)",
				);
				GCC_WARN_64_TO_32_BIT_CONVERSION = YES;
				GCC_WARN_ABOUT_RETURN_TYPE = YES_ERROR;
				GCC_WARN_UNDECLARED_SELECTOR = YES;
				GCC_WARN_UNINITIALIZED_AUTOS = YES_AGGRESSIVE;
				GCC_WARN_UNUSED_FUNCTION = YES;
				GCC_WARN_UNUSED_VARIABLE = YES;
				IPHONEOS_DEPLOYMENT_TARGET = 14.5;
				MTL_ENABLE_DEBUG_INFO = INCLUDE_SOURCE;
				MTL_FAST_MATH = YES;
				ONLY_ACTIVE_ARCH = YES;
				SDKROOT = iphoneos;
				SWIFT_ACTIVE_COMPILATION_CONDITIONS = DEBUG;
				SWIFT_OPTIMIZATION_LEVEL = "-Onone";
			};
			name = Debug;
		};
		B577F195268DF663004FDBCF /* Release */ = {
			isa = XCBuildConfiguration;
			buildSettings = {
				ALWAYS_SEARCH_USER_PATHS = NO;
				CLANG_ANALYZER_NONNULL = YES;
				CLANG_ANALYZER_NUMBER_OBJECT_CONVERSION = YES_AGGRESSIVE;
				CLANG_CXX_LANGUAGE_STANDARD = "gnu++14";
				CLANG_CXX_LIBRARY = "libc++";
				CLANG_ENABLE_MODULES = YES;
				CLANG_ENABLE_OBJC_ARC = YES;
				CLANG_ENABLE_OBJC_WEAK = YES;
				CLANG_WARN_BLOCK_CAPTURE_AUTORELEASING = YES;
				CLANG_WARN_BOOL_CONVERSION = YES;
				CLANG_WARN_COMMA = YES;
				CLANG_WARN_CONSTANT_CONVERSION = YES;
				CLANG_WARN_DEPRECATED_OBJC_IMPLEMENTATIONS = YES;
				CLANG_WARN_DIRECT_OBJC_ISA_USAGE = YES_ERROR;
				CLANG_WARN_DOCUMENTATION_COMMENTS = YES;
				CLANG_WARN_EMPTY_BODY = YES;
				CLANG_WARN_ENUM_CONVERSION = YES;
				CLANG_WARN_INFINITE_RECURSION = YES;
				CLANG_WARN_INT_CONVERSION = YES;
				CLANG_WARN_NON_LITERAL_NULL_CONVERSION = YES;
				CLANG_WARN_OBJC_IMPLICIT_RETAIN_SELF = YES;
				CLANG_WARN_OBJC_LITERAL_CONVERSION = YES;
				CLANG_WARN_OBJC_ROOT_CLASS = YES_ERROR;
				CLANG_WARN_QUOTED_INCLUDE_IN_FRAMEWORK_HEADER = YES;
				CLANG_WARN_RANGE_LOOP_ANALYSIS = YES;
				CLANG_WARN_STRICT_PROTOTYPES = YES;
				CLANG_WARN_SUSPICIOUS_MOVE = YES;
				CLANG_WARN_UNGUARDED_AVAILABILITY = YES_AGGRESSIVE;
				CLANG_WARN_UNREACHABLE_CODE = YES;
				CLANG_WARN__DUPLICATE_METHOD_MATCH = YES;
				COPY_PHASE_STRIP = NO;
				DEBUG_INFORMATION_FORMAT = "dwarf-with-dsym";
				ENABLE_NS_ASSERTIONS = NO;
				ENABLE_STRICT_OBJC_MSGSEND = YES;
				GCC_C_LANGUAGE_STANDARD = gnu11;
				GCC_NO_COMMON_BLOCKS = YES;
				GCC_WARN_64_TO_32_BIT_CONVERSION = YES;
				GCC_WARN_ABOUT_RETURN_TYPE = YES_ERROR;
				GCC_WARN_UNDECLARED_SELECTOR = YES;
				GCC_WARN_UNINITIALIZED_AUTOS = YES_AGGRESSIVE;
				GCC_WARN_UNUSED_FUNCTION = YES;
				GCC_WARN_UNUSED_VARIABLE = YES;
				IPHONEOS_DEPLOYMENT_TARGET = 14.5;
				MTL_ENABLE_DEBUG_INFO = NO;
				MTL_FAST_MATH = YES;
				SDKROOT = iphoneos;
				SWIFT_COMPILATION_MODE = wholemodule;
				SWIFT_OPTIMIZATION_LEVEL = "-O";
				VALIDATE_PRODUCT = YES;
			};
			name = Release;
		};
		B577F197268DF663004FDBCF /* Debug */ = {
			isa = XCBuildConfiguration;
			buildSettings = {
				ASSETCATALOG_COMPILER_APPICON_NAME = AppIcon;
				ASSETCATALOG_COMPILER_GLOBAL_ACCENT_COLOR_NAME = AccentColor;
				CODE_SIGN_STYLE = Automatic;
				INFOPLIST_FILE = PickerView/Info.plist;
				LD_RUNPATH_SEARCH_PATHS = (
					"$(inherited)",
					"@executable_path/Frameworks",
				);
				PRODUCT_BUNDLE_IDENTIFIER = com.seokan.PickerView;
				PRODUCT_NAME = "$(TARGET_NAME)";
				SWIFT_VERSION = 5.0;
				TARGETED_DEVICE_FAMILY = 1;
			};
			name = Debug;
		};
		B577F198268DF663004FDBCF /* Release */ = {
			isa = XCBuildConfiguration;
			buildSettings = {
				ASSETCATALOG_COMPILER_APPICON_NAME = AppIcon;
				ASSETCATALOG_COMPILER_GLOBAL_ACCENT_COLOR_NAME = AccentColor;
				CODE_SIGN_STYLE = Automatic;
				INFOPLIST_FILE = PickerView/Info.plist;
				LD_RUNPATH_SEARCH_PATHS = (
					"$(inherited)",
					"@executable_path/Frameworks",
				);
				PRODUCT_BUNDLE_IDENTIFIER = com.seokan.PickerView;
				PRODUCT_NAME = "$(TARGET_NAME)";
				SWIFT_VERSION = 5.0;
				TARGETED_DEVICE_FAMILY = 1;
			};
			name = Release;
		};
/* End XCBuildConfiguration section */

/* Begin XCConfigurationList section */
		B577F17D268DF662004FDBCF /* Build configuration list for PBXProject "PickerView" */ = {
			isa = XCConfigurationList;
			buildConfigurations = (
				B577F194268DF663004FDBCF /* Debug */,
				B577F195268DF663004FDBCF /* Release */,
			);
			defaultConfigurationIsVisible = 0;
			defaultConfigurationName = Release;
		};
		B577F196268DF663004FDBCF /* Build configuration list for PBXNativeTarget "PickerView" */ = {
			isa = XCConfigurationList;
			buildConfigurations = (
				B577F197268DF663004FDBCF /* Debug */,
				B577F198268DF663004FDBCF /* Release */,
			);
			defaultConfigurationIsVisible = 0;
			defaultConfigurationName = Release;
		};
/* End XCConfigurationList section */
	};
	rootObject = B577F17A268DF662004FDBCF /* Project object */;
}
